
Microsoft Visual Studio Solution File, Format Version 12.00
# Visual Studio Version 17
VisualStudioVersion = 17.12.35527.113
MinimumVisualStudioVersion = 10.0.40219.1
Project("{FAE04EC0-301F-11D3-BF4B-00C04F79EFBC}") = "AntiCheat", "Antihack\AntiCheat.csproj", "{4C181B2B-8E6E-42A2-B861-406B2987CC43}"
EndProject
Project("{FAE04EC0-301F-11D3-BF4B-00C04F79EFBC}") = "ServerAntiCheat", "ServerTCP\ServerAntiCheat.csproj", "{6941063A-4488-407F-8C53-7D50266A0F71}"
EndProject
Project("{8BC9CEB8-8B4A-11D0-8D11-00A0C91BC942}") = "Helper", "Dll1\Dll1.vcxproj", "{6B4B4CDA-1F2E-488F-8478-CB08BAF38337}"
EndProject
Project("{8BC9CEB8-8B4A-11D0-8D11-00A0C91BC942}") = "Calculador_CRC", "Calculador_CRC\Calculador_CRC.vcxproj", "{E6D607ED-F1DA-4FB9-90D5-1ADE1426522F}"
EndProject
Project("{8BC9CEB8-8B4A-11D0-8D11-00A0C91BC942}") = "EncryptionTool", "EncryptionTool\EncryptionTool.vcxproj", "{D4F0BB69-65CD-42A2-B4D5-E7B04BE758BC}"
EndProject
Project("{FAE04EC0-301F-11D3-BF4B-00C04F79EFBC}") = "WindowsServices", "WindowsServices\WindowsServices.csproj", "{16041F5A-4801-42CB-A647-AD9F1FF6C964}"
EndProject
Global
	GlobalSection(SolutionConfigurationPlatforms) = preSolution
		Debug|Any CPU = Debug|Any CPU
		Debug|x64 = Debug|x64
		Debug|x86 = Debug|x86
		Release|Any CPU = Release|Any CPU
		Release|x64 = Release|x64
		Release|x86 = Release|x86
	EndGlobalSection
	GlobalSection(ProjectConfigurationPlatforms) = postSolution
		{4C181B2B-8E6E-42A2-B861-406B2987CC43}.Debug|Any CPU.ActiveCfg = Debug|Any CPU
		{4C181B2B-8E6E-42A2-B861-406B2987CC43}.Debug|Any CPU.Build.0 = Debug|Any CPU
		{4C181B2B-8E6E-42A2-B861-406B2987CC43}.Debug|x64.ActiveCfg = Debug|Any CPU
		{4C181B2B-8E6E-42A2-B861-406B2987CC43}.Debug|x64.Build.0 = Debug|Any CPU
		{4C181B2B-8E6E-42A2-B861-406B2987CC43}.Debug|x86.ActiveCfg = Debug|Any CPU
		{4C181B2B-8E6E-42A2-B861-406B2987CC43}.Debug|x86.Build.0 = Debug|Any CPU
		{4C181B2B-8E6E-42A2-B861-406B2987CC43}.Release|Any CPU.ActiveCfg = Release|Any CPU
		{4C181B2B-8E6E-42A2-B861-406B2987CC43}.Release|Any CPU.Build.0 = Release|Any CPU
		{4C181B2B-8E6E-42A2-B861-406B2987CC43}.Release|x64.ActiveCfg = Release|Any CPU
		{4C181B2B-8E6E-42A2-B861-406B2987CC43}.Release|x64.Build.0 = Release|Any CPU
		{4C181B2B-8E6E-42A2-B861-406B2987CC43}.Release|x86.ActiveCfg = Release|Any CPU
		{4C181B2B-8E6E-42A2-B861-406B2987CC43}.Release|x86.Build.0 = Release|Any CPU
		{6941063A-4488-407F-8C53-7D50266A0F71}.Debug|Any CPU.ActiveCfg = Debug|Any CPU
		{6941063A-4488-407F-8C53-7D50266A0F71}.Debug|Any CPU.Build.0 = Debug|Any CPU
		{6941063A-4488-407F-8C53-7D50266A0F71}.Debug|x64.ActiveCfg = Debug|Any CPU
		{6941063A-4488-407F-8C53-7D50266A0F71}.Debug|x64.Build.0 = Debug|Any CPU
		{6941063A-4488-407F-8C53-7D50266A0F71}.Debug|x86.ActiveCfg = Debug|Any CPU
		{6941063A-4488-407F-8C53-7D50266A0F71}.Debug|x86.Build.0 = Debug|Any CPU
		{6941063A-4488-407F-8C53-7D50266A0F71}.Release|Any CPU.ActiveCfg = Release|Any CPU
		{6941063A-4488-407F-8C53-7D50266A0F71}.Release|Any CPU.Build.0 = Release|Any CPU
		{6941063A-4488-407F-8C53-7D50266A0F71}.Release|x64.ActiveCfg = Release|Any CPU
		{6941063A-4488-407F-8C53-7D50266A0F71}.Release|x64.Build.0 = Release|Any CPU
		{6941063A-4488-407F-8C53-7D50266A0F71}.Release|x86.ActiveCfg = Release|Any CPU
		{6941063A-4488-407F-8C53-7D50266A0F71}.Release|x86.Build.0 = Release|Any CPU
		{6B4B4CDA-1F2E-488F-8478-CB08BAF38337}.Debug|Any CPU.ActiveCfg = Debug|x64
		{6B4B4CDA-1F2E-488F-8478-CB08BAF38337}.Debug|Any CPU.Build.0 = Debug|x64
		{6B4B4CDA-1F2E-488F-8478-CB08BAF38337}.Debug|x64.ActiveCfg = Debug|x64
		{6B4B4CDA-1F2E-488F-8478-CB08BAF38337}.Debug|x64.Build.0 = Debug|x64
		{6B4B4CDA-1F2E-488F-8478-CB08BAF38337}.Debug|x86.ActiveCfg = Debug|Win32
		{6B4B4CDA-1F2E-488F-8478-CB08BAF38337}.Debug|x86.Build.0 = Debug|Win32
		{6B4B4CDA-1F2E-488F-8478-CB08BAF38337}.Release|Any CPU.ActiveCfg = Release|x64
		{6B4B4CDA-1F2E-488F-8478-CB08BAF38337}.Release|Any CPU.Build.0 = Release|x64
		{6B4B4CDA-1F2E-488F-8478-CB08BAF38337}.Release|x64.ActiveCfg = Release|x64
		{6B4B4CDA-1F2E-488F-8478-CB08BAF38337}.Release|x64.Build.0 = Release|x64
		{6B4B4CDA-1F2E-488F-8478-CB08BAF38337}.Release|x86.ActiveCfg = Release|Win32
		{6B4B4CDA-1F2E-488F-8478-CB08BAF38337}.Release|x86.Build.0 = Release|Win32
		{E6D607ED-F1DA-4FB9-90D5-1ADE1426522F}.Debug|Any CPU.ActiveCfg = Debug|x64
		{E6D607ED-F1DA-4FB9-90D5-1ADE1426522F}.Debug|Any CPU.Build.0 = Debug|x64
		{E6D607ED-F1DA-4FB9-90D5-1ADE1426522F}.Debug|x64.ActiveCfg = Debug|x64
		{E6D607ED-F1DA-4FB9-90D5-1ADE1426522F}.Debug|x64.Build.0 = Debug|x64
		{E6D607ED-F1DA-4FB9-90D5-1ADE1426522F}.Debug|x86.ActiveCfg = Debug|Win32
		{E6D607ED-F1DA-4FB9-90D5-1ADE1426522F}.Debug|x86.Build.0 = Debug|Win32
		{E6D607ED-F1DA-4FB9-90D5-1ADE1426522F}.Release|Any CPU.ActiveCfg = Release|x64
		{E6D607ED-F1DA-4FB9-90D5-1ADE1426522F}.Release|Any CPU.Build.0 = Release|x64
		{E6D607ED-F1DA-4FB9-90D5-1ADE1426522F}.Release|x64.ActiveCfg = Release|x64
		{E6D607ED-F1DA-4FB9-90D5-1ADE1426522F}.Release|x64.Build.0 = Release|x64
		{E6D607ED-F1DA-4FB9-90D5-1ADE1426522F}.Release|x86.ActiveCfg = Release|Win32
		{E6D607ED-F1DA-4FB9-90D5-1ADE1426522F}.Release|x86.Build.0 = Release|Win32
		{D4F0BB69-65CD-42A2-B4D5-E7B04BE758BC}.Debug|Any CPU.ActiveCfg = Debug|x64
		{D4F0BB69-65CD-42A2-B4D5-E7B04BE758BC}.Debug|Any CPU.Build.0 = Debug|x64
		{D4F0BB69-65CD-42A2-B4D5-E7B04BE758BC}.Debug|x64.ActiveCfg = Debug|x64
		{D4F0BB69-65CD-42A2-B4D5-E7B04BE758BC}.Debug|x64.Build.0 = Debug|x64
		{D4F0BB69-65CD-42A2-B4D5-E7B04BE758BC}.Debug|x86.ActiveCfg = Debug|Win32
		{D4F0BB69-65CD-42A2-B4D5-E7B04BE758BC}.Debug|x86.Build.0 = Debug|Win32
		{D4F0BB69-65CD-42A2-B4D5-E7B04BE758BC}.Release|Any CPU.ActiveCfg = Release|x64
		{D4F0BB69-65CD-42A2-B4D5-E7B04BE758BC}.Release|Any CPU.Build.0 = Release|x64
		{D4F0BB69-65CD-42A2-B4D5-E7B04BE758BC}.Release|x64.ActiveCfg = Release|x64
		{D4F0BB69-65CD-42A2-B4D5-E7B04BE758BC}.Release|x64.Build.0 = Release|x64
		{D4F0BB69-65CD-42A2-B4D5-E7B04BE758BC}.Release|x86.ActiveCfg = Release|Win32
		{D4F0BB69-65CD-42A2-B4D5-E7B04BE758BC}.Release|x86.Build.0 = Release|Win32
		{16041F5A-4801-42CB-A647-AD9F1FF6C964}.Debug|Any CPU.ActiveCfg = Debug|Any CPU
		{16041F5A-4801-42CB-A647-AD9F1FF6C964}.Debug|Any CPU.Build.0 = Debug|Any CPU
		{16041F5A-4801-42CB-A647-AD9F1FF6C964}.Debug|x64.ActiveCfg = Debug|Any CPU
		{16041F5A-4801-42CB-A647-AD9F1FF6C964}.Debug|x64.Build.0 = Debug|Any CPU
		{16041F5A-4801-42CB-A647-AD9F1FF6C964}.Debug|x86.ActiveCfg = Debug|Any CPU
		{16041F5A-4801-42CB-A647-AD9F1FF6C964}.Debug|x86.Build.0 = Debug|Any CPU
		{16041F5A-4801-42CB-A647-AD9F1FF6C964}.Release|Any CPU.ActiveCfg = Release|Any CPU
		{16041F5A-4801-42CB-A647-AD9F1FF6C964}.Release|Any CPU.Build.0 = Release|Any CPU
		{16041F5A-4801-42CB-A647-AD9F1FF6C964}.Release|x64.ActiveCfg = Release|Any CPU
		{16041F5A-4801-42CB-A647-AD9F1FF6C964}.Release|x64.Build.0 = Release|Any CPU
		{16041F5A-4801-42CB-A647-AD9F1FF6C964}.Release|x86.ActiveCfg = Release|Any CPU
		{16041F5A-4801-42CB-A647-AD9F1FF6C964}.Release|x86.Build.0 = Release|Any CPU
	EndGlobalSection
	GlobalSection(SolutionProperties) = preSolution
		HideSolutionNode = FALSE
	EndGlobalSection
	GlobalSection(ExtensibilityGlobals) = postSolution
		SolutionGuid = {23B2954A-4418-4213-8563-5147BEB71970}
	EndGlobalSection
EndGlobal
